// !$*UTF8*$!
{
	archiveVersion = 1;
	classes = {
	};
	objectVersion = 56;
	objects = {

/* Begin PBXBuildFile section */
		596A65562AE775AC00F70F8C /* Tv_ShowsApp.swift in Sources */ = {isa = PBXBuildFile; fileRef = 596A65552AE775AC00F70F8C /* Tv_ShowsApp.swift */; };
		596A65582AE775AC00F70F8C /* ContentView.swift in Sources */ = {isa = PBXBuildFile; fileRef = 596A65572AE775AC00F70F8C /* ContentView.swift */; };
		596A655A2AE775AD00F70F8C /* Assets.xcassets in Resources */ = {isa = PBXBuildFile; fileRef = 596A65592AE775AD00F70F8C /* Assets.xcassets */; };
		596A655E2AE775AD00F70F8C /* Preview Assets.xcassets in Resources */ = {isa = PBXBuildFile; fileRef = 596A655D2AE775AD00F70F8C /* Preview Assets.xcassets */; };
		596A65652AE7762500F70F8C /* ShowDetail.swift in Sources */ = {isa = PBXBuildFile; fileRef = 596A65642AE7762500F70F8C /* ShowDetail.swift */; };
		596A65672AE7765400F70F8C /* AddNewShow.swift in Sources */ = {isa = PBXBuildFile; fileRef = 596A65662AE7765400F70F8C /* AddNewShow.swift */; };
		596A65692AE7767600F70F8C /* Show.swift in Sources */ = {isa = PBXBuildFile; fileRef = 596A65682AE7767600F70F8C /* Show.swift */; };
		596A656B2AE7768400F70F8C /* ShowData.swift in Sources */ = {isa = PBXBuildFile; fileRef = 596A656A2AE7768400F70F8C /* ShowData.swift */; };
		596A656D2AE7769200F70F8C /* ShowStore.swift in Sources */ = {isa = PBXBuildFile; fileRef = 596A656C2AE7769200F70F8C /* ShowStore.swift */; };
		596A656F2AE77A3F00F70F8C /* ShowData.json in Resources */ = {isa = PBXBuildFile; fileRef = 596A656E2AE77A3F00F70F8C /* ShowData.json */; };
/* End PBXBuildFile section */

/* Begin PBXFileReference section */
		596A65522AE775AC00F70F8C /* Tv_Shows.app */ = {isa = PBXFileReference; explicitFileType = wrapper.application; includeInIndex = 0; path = Tv_Shows.app; sourceTree = BUILT_PRODUCTS_DIR; };
		596A65552AE775AC00F70F8C /* Tv_ShowsApp.swift */ = {isa = PBXFileReference; lastKnownFileType = sourcecode.swift; path = Tv_ShowsApp.swift; sourceTree = "<group>"; };
		596A65572AE775AC00F70F8C /* ContentView.swift */ = {isa = PBXFileReference; lastKnownFileType = sourcecode.swift; path = ContentView.swift; sourceTree = "<group>"; };
		596A65592AE775AD00F70F8C /* Assets.xcassets */ = {isa = PBXFileReference; lastKnownFileType = folder.assetcatalog; path = Assets.xcassets; sourceTree = "<group>"; };
		596A655B2AE775AD00F70F8C /* Tv_Shows.entitlements */ = {isa = PBXFileReference; lastKnownFileType = text.plist.entitlements; path = Tv_Shows.entitlements; sourceTree = "<group>"; };
		596A655D2AE775AD00F70F8C /* Preview Assets.xcassets */ = {isa = PBXFileReference; lastKnownFileType = folder.assetcatalog; path = "Preview Assets.xcassets"; sourceTree = "<group>"; };
		596A65642AE7762500F70F8C /* ShowDetail.swift */ = {isa = PBXFileReference; lastKnownFileType = sourcecode.swift; path = ShowDetail.swift; sourceTree = "<group>"; };
		596A65662AE7765400F70F8C /* AddNewShow.swift */ = {isa = PBXFileReference; lastKnownFileType = sourcecode.swift; path = AddNewShow.swift; sourceTree = "<group>"; };
		596A65682AE7767600F70F8C /* Show.swift */ = {isa = PBXFileReference; lastKnownFileType = sourcecode.swift; path = Show.swift; sourceTree = "<group>"; };
		596A656A2AE7768400F70F8C /* ShowData.swift */ = {isa = PBXFileReference; lastKnownFileType = sourcecode.swift; path = ShowData.swift; sourceTree = "<group>"; };
		596A656C2AE7769200F70F8C /* ShowStore.swift */ = {isa = PBXFileReference; lastKnownFileType = sourcecode.swift; path = ShowStore.swift; sourceTree = "<group>"; };
		596A656E2AE77A3F00F70F8C /* ShowData.json */ = {isa = PBXFileReference; lastKnownFileType = text.json; path = ShowData.json; sourceTree = "<group>"; };
/* End PBXFileReference section */

/* Begin PBXFrameworksBuildPhase section */
		596A654F2AE775AC00F70F8C /* Frameworks */ = {
			isa = PBXFrameworksBuildPhase;
			buildActionMask = 2147483647;
			files = (
			);
			runOnlyForDeploymentPostprocessing = 0;
		};
/* End PBXFrameworksBuildPhase section */

/* Begin PBXGroup section */
		596A65492AE775AC00F70F8C = {
			isa = PBXGroup;
			children = (
				596A65542AE775AC00F70F8C /* Tv_Shows */,
				596A65532AE775AC00F70F8C /* Products */,
			);
			sourceTree = "<group>";
		};
		596A65532AE775AC00F70F8C /* Products */ = {
			isa = PBXGroup;
			children = (
				596A65522AE775AC00F70F8C /* Tv_Shows.app */,
			);
			name = Products;
			sourceTree = "<group>";
		};
		596A65542AE775AC00F70F8C /* Tv_Shows */ = {
			isa = PBXGroup;
			children = (
				596A65552AE775AC00F70F8C /* Tv_ShowsApp.swift */,
				596A65572AE775AC00F70F8C /* ContentView.swift */,
				596A65642AE7762500F70F8C /* ShowDetail.swift */,
				596A65662AE7765400F70F8C /* AddNewShow.swift */,
				596A65682AE7767600F70F8C /* Show.swift */,
				596A656E2AE77A3F00F70F8C /* ShowData.json */,
				596A656A2AE7768400F70F8C /* ShowData.swift */,
				596A656C2AE7769200F70F8C /* ShowStore.swift */,
				596A65592AE775AD00F70F8C /* Assets.xcassets */,
				596A655B2AE775AD00F70F8C /* Tv_Shows.entitlements */,
				596A655C2AE775AD00F70F8C /* Preview Content */,
			);
			path = Tv_Shows;
			sourceTree = "<group>";
		};
		596A655C2AE775AD00F70F8C /* Preview Content */ = {
			isa = PBXGroup;
			children = (
				596A655D2AE775AD00F70F8C /* Preview Assets.xcassets */,
			);
			path = "Preview Content";
			sourceTree = "<group>";
		};
/* End PBXGroup section */

/* Begin PBXNativeTarget section */
		596A65512AE775AC00F70F8C /* Tv_Shows */ = {
			isa = PBXNativeTarget;
			buildConfigurationList = 596A65612AE775AD00F70F8C /* Build configuration list for PBXNativeTarget "Tv_Shows" */;
			buildPhases = (
				596A654E2AE775AC00F70F8C /* Sources */,
				596A654F2AE775AC00F70F8C /* Frameworks */,
				596A65502AE775AC00F70F8C /* Resources */,
			);
			buildRules = (
			);
			dependencies = (
			);
			name = Tv_Shows;
			productName = Tv_Shows;
			productReference = 596A65522AE775AC00F70F8C /* Tv_Shows.app */;
			productType = "com.apple.product-type.application";
		};
/* End PBXNativeTarget section */

/* Begin PBXProject section */
		596A654A2AE775AC00F70F8C /* Project object */ = {
			isa = PBXProject;
			attributes = {
				BuildIndependentTargetsInParallel = 1;
				LastSwiftUpdateCheck = 1430;
				LastUpgradeCheck = 1430;
				TargetAttributes = {
					596A65512AE775AC00F70F8C = {
						CreatedOnToolsVersion = 14.3.1;
					};
				};
			};
			buildConfigurationList = 596A654D2AE775AC00F70F8C /* Build configuration list for PBXProject "Tv_Shows" */;
			compatibilityVersion = "Xcode 14.0";
			developmentRegion = en;
			hasScannedForEncodings = 0;
			knownRegions = (
				en,
				Base,
			);
			mainGroup = 596A65492AE775AC00F70F8C;
			productRefGroup = 596A65532AE775AC00F70F8C /* Products */;
			projectDirPath = "";
			projectRoot = "";
			targets = (
				596A65512AE775AC00F70F8C /* Tv_Shows */,
			);
		};
/* End PBXProject section */

/* Begin PBXResourcesBuildPhase section */
		596A65502AE775AC00F70F8C /* Resources */ = {
			isa = PBXResourcesBuildPhase;
			buildActionMask = 2147483647;
			files = (
				596A656F2AE77A3F00F70F8C /* ShowData.json in Resources */,
				596A655E2AE775AD00F70F8C /* Preview Assets.xcassets in Resources */,
				596A655A2AE775AD00F70F8C /* Assets.xcassets in Resources */,
			);
			runOnlyForDeploymentPostprocessing = 0;
		};
/* End PBXResourcesBuildPhase section */

/* Begin PBXSourcesBuildPhase section */
		596A654E2AE775AC00F70F8C /* Sources */ = {
			isa = PBXSourcesBuildPhase;
			buildActionMask = 2147483647;
			files = (
				596A65582AE775AC00F70F8C /* ContentView.swift in Sources */,
				596A65652AE7762500F70F8C /* ShowDetail.swift in Sources */,
				596A656D2AE7769200F70F8C /* ShowStore.swift in Sources */,
				596A65562AE775AC00F70F8C /* Tv_ShowsApp.swift in Sources */,
				596A65692AE7767600F70F8C /* Show.swift in Sources */,
				596A656B2AE7768400F70F8C /* ShowData.swift in Sources */,
				596A65672AE7765400F70F8C /* AddNewShow.swift in Sources */,
			);
			runOnlyForDeploymentPostprocessing = 0;
		};
/* End PBXSourcesBuildPhase section */

/* Begin XCBuildConfiguration section */
		596A655F2AE775AD00F70F8C /* Debug */ = {
			isa = XCBuildConfiguration;
			buildSettings = {
				ALWAYS_SEARCH_USER_PATHS = NO;
				CLANG_ANALYZER_NONNULL = YES;
				CLANG_ANALYZER_NUMBER_OBJECT_CONVERSION = YES_AGGRESSIVE;
				CLANG_CXX_LANGUAGE_STANDARD = "gnu++20";
				CLANG_ENABLE_MODULES = YES;
				CLANG_ENABLE_OBJC_ARC = YES;
				CLANG_ENABLE_OBJC_WEAK = YES;
				CLANG_WARN_BLOCK_CAPTURE_AUTORELEASING = YES;
				CLANG_WARN_BOOL_CONVERSION = YES;
				CLANG_WARN_COMMA = YES;
				CLANG_WARN_CONSTANT_CONVERSION = YES;
				CLANG_WARN_DEPRECATED_OBJC_IMPLEMENTATIONS = YES;
				CLANG_WARN_DIRECT_OBJC_ISA_USAGE = YES_ERROR;
				CLANG_WARN_DOCUMENTATION_COMMENTS = YES;
				CLANG_WARN_EMPTY_BODY = YES;
				CLANG_WARN_ENUM_CONVERSION = YES;
				CLANG_WARN_INFINITE_RECURSION = YES;
				CLANG_WARN_INT_CONVERSION = YES;
				CLANG_WARN_NON_LITERAL_NULL_CONVERSION = YES;
				CLANG_WARN_OBJC_IMPLICIT_RETAIN_SELF = YES;
				CLANG_WARN_OBJC_LITERAL_CONVERSION = YES;
				CLANG_WARN_OBJC_ROOT_CLASS = YES_ERROR;
				CLANG_WARN_QUOTED_INCLUDE_IN_FRAMEWORK_HEADER = YES;
				CLANG_WARN_RANGE_LOOP_ANALYSIS = YES;
				CLANG_WARN_STRICT_PROTOTYPES = YES;
				CLANG_WARN_SUSPICIOUS_MOVE = YES;
				CLANG_WARN_UNGUARDED_AVAILABILITY = YES_AGGRESSIVE;
				CLANG_WARN_UNREACHABLE_CODE = YES;
				CLANG_WARN__DUPLICATE_METHOD_MATCH = YES;
				COPY_PHASE_STRIP = NO;
				DEBUG_INFORMATION_FORMAT = dwarf;
				ENABLE_STRICT_OBJC_MSGSEND = YES;
				ENABLE_TESTABILITY = YES;
				GCC_C_LANGUAGE_STANDARD = gnu11;
				GCC_DYNAMIC_NO_PIC = NO;
				GCC_NO_COMMON_BLOCKS = YES;
				GCC_OPTIMIZATION_LEVEL = 0;
				GCC_PREPROCESSOR_DEFINITIONS = (
					"DEBUG=1",
					"$(inherited)",
				);
				GCC_WARN_64_TO_32_BIT_CONVERSION = YES;
				GCC_WARN_ABOUT_RETURN_TYPE = YES_ERROR;
				GCC_WARN_UNDECLARED_SELECTOR = YES;
				GCC_WARN_UNINITIALIZED_AUTOS = YES_AGGRESSIVE;
				GCC_WARN_UNUSED_FUNCTION = YES;
				GCC_WARN_UNUSED_VARIABLE = YES;
				MTL_ENABLE_DEBUG_INFO = INCLUDE_SOURCE;
				MTL_FAST_MATH = YES;
				ONLY_ACTIVE_ARCH = YES;
				SWIFT_ACTIVE_COMPILATION_CONDITIONS = DEBUG;
				SWIFT_OPTIMIZATION_LEVEL = "-Onone";
			};
			name = Debug;
		};
		596A65602AE775AD00F70F8C /* Release */ = {
			isa = XCBuildConfiguration;
			buildSettings = {
				ALWAYS_SEARCH_USER_PATHS = NO;
				CLANG_ANALYZER_NONNULL = YES;
				CLANG_ANALYZER_NUMBER_OBJECT_CONVERSION = YES_AGGRESSIVE;
				CLANG_CXX_LANGUAGE_STANDARD = "gnu++20";
				CLANG_ENABLE_MODULES = YES;
				CLANG_ENABLE_OBJC_ARC = YES;
				CLANG_ENABLE_OBJC_WEAK = YES;
				CLANG_WARN_BLOCK_CAPTURE_AUTORELEASING = YES;
				CLANG_WARN_BOOL_CONVERSION = YES;
				CLANG_WARN_COMMA = YES;
				CLANG_WARN_CONSTANT_CONVERSION = YES;
				CLANG_WARN_DEPRECATED_OBJC_IMPLEMENTATIONS = YES;
				CLANG_WARN_DIRECT_OBJC_ISA_USAGE = YES_ERROR;
				CLANG_WARN_DOCUMENTATION_COMMENTS = YES;
				CLANG_WARN_EMPTY_BODY = YES;
				CLANG_WARN_ENUM_CONVERSION = YES;
				CLANG_WARN_INFINITE_RECURSION = YES;
				CLANG_WARN_INT_CONVERSION = YES;
				CLANG_WARN_NON_LITERAL_NULL_CONVERSION = YES;
				CLANG_WARN_OBJC_IMPLICIT_RETAIN_SELF = YES;
				CLANG_WARN_OBJC_LITERAL_CONVERSION = YES;
				CLANG_WARN_OBJC_ROOT_CLASS = YES_ERROR;
				CLANG_WARN_QUOTED_INCLUDE_IN_FRAMEWORK_HEADER = YES;
				CLANG_WARN_RANGE_LOOP_ANALYSIS = YES;
				CLANG_WARN_STRICT_PROTOTYPES = YES;
				CLANG_WARN_SUSPICIOUS_MOVE = YES;
				CLANG_WARN_UNGUARDED_AVAILABILITY = YES_AGGRESSIVE;
				CLANG_WARN_UNREACHABLE_CODE = YES;
				CLANG_WARN__DUPLICATE_METHOD_MATCH = YES;
				COPY_PHASE_STRIP = NO;
				DEBUG_INFORMATION_FORMAT = "dwarf-with-dsym";
				ENABLE_NS_ASSERTIONS = NO;
				ENABLE_STRICT_OBJC_MSGSEND = YES;
				GCC_C_LANGUAGE_STANDARD = gnu11;
				GCC_NO_COMMON_BLOCKS = YES;
				GCC_WARN_64_TO_32_BIT_CONVERSION = YES;
				GCC_WARN_ABOUT_RETURN_TYPE = YES_ERROR;
				GCC_WARN_UNDECLARED_SELECTOR = YES;
				GCC_WARN_UNINITIALIZED_AUTOS = YES_AGGRESSIVE;
				GCC_WARN_UNUSED_FUNCTION = YES;
				GCC_WARN_UNUSED_VARIABLE = YES;
				MTL_ENABLE_DEBUG_INFO = NO;
				MTL_FAST_MATH = YES;
				SWIFT_COMPILATION_MODE = wholemodule;
				SWIFT_OPTIMIZATION_LEVEL = "-O";
			};
			name = Release;
		};
		596A65622AE775AD00F70F8C /* Debug */ = {
			isa = XCBuildConfiguration;
			buildSettings = {
				ASSETCATALOG_COMPILER_APPICON_NAME = AppIcon;
				ASSETCATALOG_COMPILER_GLOBAL_ACCENT_COLOR_NAME = AccentColor;
				CODE_SIGN_ENTITLEMENTS = Tv_Shows/Tv_Shows.entitlements;
				CODE_SIGN_STYLE = Automatic;
				CURRENT_PROJECT_VERSION = 1;
				DEVELOPMENT_ASSET_PATHS = "\"Tv_Shows/Preview Content\"";
				DEVELOPMENT_TEAM = 2K222JWAAP;
				ENABLE_HARDENED_RUNTIME = YES;
				ENABLE_PREVIEWS = YES;
				GENERATE_INFOPLIST_FILE = YES;
				"INFOPLIST_KEY_UIApplicationSceneManifest_Generation[sdk=iphoneos*]" = YES;
				"INFOPLIST_KEY_UIApplicationSceneManifest_Generation[sdk=iphonesimulator*]" = YES;
				"INFOPLIST_KEY_UIApplicationSupportsIndirectInputEvents[sdk=iphoneos*]" = YES;
				"INFOPLIST_KEY_UIApplicationSupportsIndirectInputEvents[sdk=iphonesimulator*]" = YES;
				"INFOPLIST_KEY_UILaunchScreen_Generation[sdk=iphoneos*]" = YES;
				"INFOPLIST_KEY_UILaunchScreen_Generation[sdk=iphonesimulator*]" = YES;
				"INFOPLIST_KEY_UIStatusBarStyle[sdk=iphoneos*]" = UIStatusBarStyleDefault;
				"INFOPLIST_KEY_UIStatusBarStyle[sdk=iphonesimulator*]" = UIStatusBarStyleDefault;
				INFOPLIST_KEY_UISupportedInterfaceOrientations_iPad = "UIInterfaceOrientationPortrait UIInterfaceOrientationPortraitUpsideDown UIInterfaceOrientationLandscapeLeft UIInterfaceOrientationLandscapeRight";
				INFOPLIST_KEY_UISupportedInterfaceOrientations_iPhone = "UIInterfaceOrientationPortrait UIInterfaceOrientationLandscapeLeft UIInterfaceOrientationLandscapeRight";
				IPHONEOS_DEPLOYMENT_TARGET = 16.4;
				LD_RUNPATH_SEARCH_PATHS = "@executable_path/Frameworks";
				"LD_RUNPATH_SEARCH_PATHS[sdk=macosx*]" = "@executable_path/../Frameworks";
				MACOSX_DEPLOYMENT_TARGET = 13.3;
				MARKETING_VERSION = 1.0;
				PRODUCT_BUNDLE_IDENTIFIER = "KW.Tv-Shows";
				PRODUCT_NAME = "$(TARGET_NAME)";
				SDKROOT = auto;
				SUPPORTED_PLATFORMS = "iphoneos iphonesimulator macosx";
				SWIFT_EMIT_LOC_STRINGS = YES;
				SWIFT_VERSION = 5.0;
				TARGETED_DEVICE_FAMILY = "1,2";
			};
			name = Debug;
		};
		596A65632AE775AD00F70F8C /* Release */ = {
			isa = XCBuildConfiguration;
			buildSettings = {
				ASSETCATALOG_COMPILER_APPICON_NAME = AppIcon;
				ASSETCATALOG_COMPILER_GLOBAL_ACCENT_COLOR_NAME = AccentColor;
				CODE_SIGN_ENTITLEMENTS = Tv_Shows/Tv_Shows.entitlements;
				CODE_SIGN_STYLE = Automatic;
				CURRENT_PROJECT_VERSION = 1;
				DEVELOPMENT_ASSET_PATHS = "\"Tv_Shows/Preview Content\"";
				DEVELOPMENT_TEAM = 2K222JWAAP;
				ENABLE_HARDENED_RUNTIME = YES;
				ENABLE_PREVIEWS = YES;
				GENERATE_INFOPLIST_FILE = YES;
				"INFOPLIST_KEY_UIApplicationSceneManifest_Generation[sdk=iphoneos*]" = YES;
				"INFOPLIST_KEY_UIApplicationSceneManifest_Generation[sdk=iphonesimulator*]" = YES;
				"INFOPLIST_KEY_UIApplicationSupportsIndirectInputEvents[sdk=iphoneos*]" = YES;
				"INFOPLIST_KEY_UIApplicationSupportsIndirectInputEvents[sdk=iphonesimulator*]" = YES;
				"INFOPLIST_KEY_UILaunchScreen_Generation[sdk=iphoneos*]" = YES;
				"INFOPLIST_KEY_UILaunchScreen_Generation[sdk=iphonesimulator*]" = YES;
				"INFOPLIST_KEY_UIStatusBarStyle[sdk=iphoneos*]" = UIStatusBarStyleDefault;
				"INFOPLIST_KEY_UIStatusBarStyle[sdk=iphonesimulator*]" = UIStatusBarStyleDefault;
				INFOPLIST_KEY_UISupportedInterfaceOrientations_iPad = "UIInterfaceOrientationPortrait UIInterfaceOrientationPortraitUpsideDown UIInterfaceOrientationLandscapeLeft UIInterfaceOrientationLandscapeRight";
				INFOPLIST_KEY_UISupportedInterfaceOrientations_iPhone = "UIInterfaceOrientationPortrait UIInterfaceOrientationLandscapeLeft UIInterfaceOrientationLandscapeRight";
				IPHONEOS_DEPLOYMENT_TARGET = 16.4;
				LD_RUNPATH_SEARCH_PATHS = "@executable_path/Frameworks";
				"LD_RUNPATH_SEARCH_PATHS[sdk=macosx*]" = "@executable_path/../Frameworks";
				MACOSX_DEPLOYMENT_TARGET = 13.3;
				MARKETING_VERSION = 1.0;
				PRODUCT_BUNDLE_IDENTIFIER = "KW.Tv-Shows";
				PRODUCT_NAME = "$(TARGET_NAME)";
				SDKROOT = auto;
				SUPPORTED_PLATFORMS = "iphoneos iphonesimulator macosx";
				SWIFT_EMIT_LOC_STRINGS = YES;
				SWIFT_VERSION = 5.0;
				TARGETED_DEVICE_FAMILY = "1,2";
			};
			name = Release;
		};
/* End XCBuildConfiguration section */

/* Begin XCConfigurationList section */
		596A654D2AE775AC00F70F8C /* Build configuration list for PBXProject "Tv_Shows" */ = {
			isa = XCConfigurationList;
			buildConfigurations = (
				596A655F2AE775AD00F70F8C /* Debug */,
				596A65602AE775AD00F70F8C /* Release */,
			);
			defaultConfigurationIsVisible = 0;
			defaultConfigurationName = Release;
		};
		596A65612AE775AD00F70F8C /* Build configuration list for PBXNativeTarget "Tv_Shows" */ = {
			isa = XCConfigurationList;
			buildConfigurations = (
				596A65622AE775AD00F70F8C /* Debug */,
				596A65632AE775AD00F70F8C /* Release */,
			);
			defaultConfigurationIsVisible = 0;
			defaultConfigurationName = Release;
		};
/* End XCConfigurationList section */
	};
	rootObject = 596A654A2AE775AC00F70F8C /* Project object */;
}
